
Microsoft Visual Studio Solution File, Format Version 12.00
# Visual Studio 2012
Project("{8BC9CEB8-8B4A-11D0-8D11-00A0C91BC942}") = "FutureCore", "projects\FutureCore\FutureCore.vcxproj", "{A690E185-C45F-424A-A7E7-14B74D0EC0A1}"
EndProject
Project("{8BC9CEB8-8B4A-11D0-8D11-00A0C91BC942}") = "FutureAI", "projects\FutureAI\FutureAI.vcxproj", "{1ABDE5FE-BD21-40AF-B63E-E0834D155BFB}"
	ProjectSection(ProjectDependencies) = postProject
		{32421905-B1E4-4EBA-92CA-A1133782D316} = {32421905-B1E4-4EBA-92CA-A1133782D316}
		{EC682A74-BCA1-445A-A5F5-F80098B03F57} = {EC682A74-BCA1-445A-A5F5-F80098B03F57}
		{B5A76881-AB3B-4470-BF10-FC1CB1B39826} = {B5A76881-AB3B-4470-BF10-FC1CB1B39826}
		{A690E185-C45F-424A-A7E7-14B74D0EC0A1} = {A690E185-C45F-424A-A7E7-14B74D0EC0A1}
		{71DF6AE7-3AA5-4B9E-8FB9-3AAE4CD55DFB} = {71DF6AE7-3AA5-4B9E-8FB9-3AAE4CD55DFB}
	EndProjectSection
EndProject
Project("{8BC9CEB8-8B4A-11D0-8D11-00A0C91BC942}") = "FutureAnimation", "projects\FutureAnimation\FutureAnimation.vcxproj", "{71DF6AE7-3AA5-4B9E-8FB9-3AAE4CD55DFB}"
	ProjectSection(ProjectDependencies) = postProject
		{32421905-B1E4-4EBA-92CA-A1133782D316} = {32421905-B1E4-4EBA-92CA-A1133782D316}
		{EC682A74-BCA1-445A-A5F5-F80098B03F57} = {EC682A74-BCA1-445A-A5F5-F80098B03F57}
		{A690E185-C45F-424A-A7E7-14B74D0EC0A1} = {A690E185-C45F-424A-A7E7-14B74D0EC0A1}
	EndProjectSection
EndProject
Project("{8BC9CEB8-8B4A-11D0-8D11-00A0C91BC942}") = "FutureGame", "projects\FutureGame\FutureGame.vcxproj", "{8675CF52-4023-4CE8-AB4F-2BB7343C3D2C}"
	ProjectSection(ProjectDependencies) = postProject
		{32421905-B1E4-4EBA-92CA-A1133782D316} = {32421905-B1E4-4EBA-92CA-A1133782D316}
		{EC682A74-BCA1-445A-A5F5-F80098B03F57} = {EC682A74-BCA1-445A-A5F5-F80098B03F57}
		{B5A76881-AB3B-4470-BF10-FC1CB1B39826} = {B5A76881-AB3B-4470-BF10-FC1CB1B39826}
		{A690E185-C45F-424A-A7E7-14B74D0EC0A1} = {A690E185-C45F-424A-A7E7-14B74D0EC0A1}
		{AEB4E1A3-AC48-4E14-A08A-0FFC415106EA} = {AEB4E1A3-AC48-4E14-A08A-0FFC415106EA}
		{5BFD4ED7-8958-4D6C-9EF8-5B81FD765D1D} = {5BFD4ED7-8958-4D6C-9EF8-5B81FD765D1D}
		{71DF6AE7-3AA5-4B9E-8FB9-3AAE4CD55DFB} = {71DF6AE7-3AA5-4B9E-8FB9-3AAE4CD55DFB}
		{B590F0F2-72F1-4CDA-BB4C-FDC937EE887E} = {B590F0F2-72F1-4CDA-BB4C-FDC937EE887E}
		{1ABDE5FE-BD21-40AF-B63E-E0834D155BFB} = {1ABDE5FE-BD21-40AF-B63E-E0834D155BFB}
	EndProjectSection
EndProject
Project("{8BC9CEB8-8B4A-11D0-8D11-00A0C91BC942}") = "FutureGraphics", "projects\FutureGraphics\FutureGraphics.vcxproj", "{EC682A74-BCA1-445A-A5F5-F80098B03F57}"
	ProjectSection(ProjectDependencies) = postProject
		{32421905-B1E4-4EBA-92CA-A1133782D316} = {32421905-B1E4-4EBA-92CA-A1133782D316}
		{A690E185-C45F-424A-A7E7-14B74D0EC0A1} = {A690E185-C45F-424A-A7E7-14B74D0EC0A1}
	EndProjectSection
EndProject
Project("{8BC9CEB8-8B4A-11D0-8D11-00A0C91BC942}") = "FutureMath", "projects\FutureMath\FutureMath.vcxproj", "{32421905-B1E4-4EBA-92CA-A1133782D316}"
	ProjectSection(ProjectDependencies) = postProject
		{A690E185-C45F-424A-A7E7-14B74D0EC0A1} = {A690E185-C45F-424A-A7E7-14B74D0EC0A1}
	EndProjectSection
EndProject
Project("{8BC9CEB8-8B4A-11D0-8D11-00A0C91BC942}") = "FutureNetwork", "projects\FutureNetwork\FutureNetwork.vcxproj", "{B590F0F2-72F1-4CDA-BB4C-FDC937EE887E}"
	ProjectSection(ProjectDependencies) = postProject
		{A690E185-C45F-424A-A7E7-14B74D0EC0A1} = {A690E185-C45F-424A-A7E7-14B74D0EC0A1}
	EndProjectSection
EndProject
Project("{8BC9CEB8-8B4A-11D0-8D11-00A0C91BC942}") = "FutureParticles", "projects\FutureParticles\FutureParticles.vcxproj", "{5BFD4ED7-8958-4D6C-9EF8-5B81FD765D1D}"
	ProjectSection(ProjectDependencies) = postProject
		{32421905-B1E4-4EBA-92CA-A1133782D316} = {32421905-B1E4-4EBA-92CA-A1133782D316}
		{EC682A74-BCA1-445A-A5F5-F80098B03F57} = {EC682A74-BCA1-445A-A5F5-F80098B03F57}
		{B5A76881-AB3B-4470-BF10-FC1CB1B39826} = {B5A76881-AB3B-4470-BF10-FC1CB1B39826}
		{A690E185-C45F-424A-A7E7-14B74D0EC0A1} = {A690E185-C45F-424A-A7E7-14B74D0EC0A1}
	EndProjectSection
EndProject
Project("{8BC9CEB8-8B4A-11D0-8D11-00A0C91BC942}") = "FuturePhysics", "projects\FuturePhysics\FuturePhysics.vcxproj", "{B5A76881-AB3B-4470-BF10-FC1CB1B39826}"
	ProjectSection(ProjectDependencies) = postProject
		{32421905-B1E4-4EBA-92CA-A1133782D316} = {32421905-B1E4-4EBA-92CA-A1133782D316}
		{A690E185-C45F-424A-A7E7-14B74D0EC0A1} = {A690E185-C45F-424A-A7E7-14B74D0EC0A1}
	EndProjectSection
EndProject
Project("{8BC9CEB8-8B4A-11D0-8D11-00A0C91BC942}") = "FutureTest", "projects\FutureTest\FutureTest.vcxproj", "{C1E849CE-3D74-4A36-86DC-234E7552425B}"
	ProjectSection(ProjectDependencies) = postProject
		{32421905-B1E4-4EBA-92CA-A1133782D316} = {32421905-B1E4-4EBA-92CA-A1133782D316}
		{73744231-E072-4468-BDFD-305D98181B21} = {73744231-E072-4468-BDFD-305D98181B21}
		{8675CF52-4023-4CE8-AB4F-2BB7343C3D2C} = {8675CF52-4023-4CE8-AB4F-2BB7343C3D2C}
		{EC682A74-BCA1-445A-A5F5-F80098B03F57} = {EC682A74-BCA1-445A-A5F5-F80098B03F57}
		{B5A76881-AB3B-4470-BF10-FC1CB1B39826} = {B5A76881-AB3B-4470-BF10-FC1CB1B39826}
		{A690E185-C45F-424A-A7E7-14B74D0EC0A1} = {A690E185-C45F-424A-A7E7-14B74D0EC0A1}
		{AEB4E1A3-AC48-4E14-A08A-0FFC415106EA} = {AEB4E1A3-AC48-4E14-A08A-0FFC415106EA}
		{5BFD4ED7-8958-4D6C-9EF8-5B81FD765D1D} = {5BFD4ED7-8958-4D6C-9EF8-5B81FD765D1D}
		{71DF6AE7-3AA5-4B9E-8FB9-3AAE4CD55DFB} = {71DF6AE7-3AA5-4B9E-8FB9-3AAE4CD55DFB}
		{B590F0F2-72F1-4CDA-BB4C-FDC937EE887E} = {B590F0F2-72F1-4CDA-BB4C-FDC937EE887E}
		{1ABDE5FE-BD21-40AF-B63E-E0834D155BFB} = {1ABDE5FE-BD21-40AF-B63E-E0834D155BFB}
	EndProjectSection
EndProject
Project("{8BC9CEB8-8B4A-11D0-8D11-00A0C91BC942}") = "FutureWorlds", "projects\FutureWorlds\FutureWorlds.vcxproj", "{73744231-E072-4468-BDFD-305D98181B21}"
	ProjectSection(ProjectDependencies) = postProject
		{32421905-B1E4-4EBA-92CA-A1133782D316} = {32421905-B1E4-4EBA-92CA-A1133782D316}
		{EC682A74-BCA1-445A-A5F5-F80098B03F57} = {EC682A74-BCA1-445A-A5F5-F80098B03F57}
		{B5A76881-AB3B-4470-BF10-FC1CB1B39826} = {B5A76881-AB3B-4470-BF10-FC1CB1B39826}
		{A690E185-C45F-424A-A7E7-14B74D0EC0A1} = {A690E185-C45F-424A-A7E7-14B74D0EC0A1}
	EndProjectSection
EndProject
Project("{8BC9CEB8-8B4A-11D0-8D11-00A0C91BC942}") = "FutureSound", "projects\FutureSound\FutureSound.vcxproj", "{AEB4E1A3-AC48-4E14-A08A-0FFC415106EA}"
	ProjectSection(ProjectDependencies) = postProject
		{32421905-B1E4-4EBA-92CA-A1133782D316} = {32421905-B1E4-4EBA-92CA-A1133782D316}
		{A690E185-C45F-424A-A7E7-14B74D0EC0A1} = {A690E185-C45F-424A-A7E7-14B74D0EC0A1}
	EndProjectSection
EndProject
Global
	GlobalSection(SolutionConfigurationPlatforms) = preSolution
		Debug|Win32 = Debug|Win32
		Profile|Win32 = Profile|Win32
		Release|Win32 = Release|Win32
	EndGlobalSection
	GlobalSection(ProjectConfigurationPlatforms) = postSolution
		{A690E185-C45F-424A-A7E7-14B74D0EC0A1}.Debug|Win32.ActiveCfg = Debug|Win32
		{A690E185-C45F-424A-A7E7-14B74D0EC0A1}.Debug|Win32.Build.0 = Debug|Win32
		{A690E185-C45F-424A-A7E7-14B74D0EC0A1}.Profile|Win32.ActiveCfg = Profile|Win32
		{A690E185-C45F-424A-A7E7-14B74D0EC0A1}.Profile|Win32.Build.0 = Profile|Win32
		{A690E185-C45F-424A-A7E7-14B74D0EC0A1}.Release|Win32.ActiveCfg = Release|Win32
		{A690E185-C45F-424A-A7E7-14B74D0EC0A1}.Release|Win32.Build.0 = Release|Win32
		{1ABDE5FE-BD21-40AF-B63E-E0834D155BFB}.Debug|Win32.ActiveCfg = Debug|Win32
		{1ABDE5FE-BD21-40AF-B63E-E0834D155BFB}.Debug|Win32.Build.0 = Debug|Win32
		{1ABDE5FE-BD21-40AF-B63E-E0834D155BFB}.Profile|Win32.ActiveCfg = Profile|Win32
		{1ABDE5FE-BD21-40AF-B63E-E0834D155BFB}.Profile|Win32.Build.0 = Profile|Win32
		{1ABDE5FE-BD21-40AF-B63E-E0834D155BFB}.Release|Win32.ActiveCfg = Release|Win32
		{1ABDE5FE-BD21-40AF-B63E-E0834D155BFB}.Release|Win32.Build.0 = Release|Win32
		{71DF6AE7-3AA5-4B9E-8FB9-3AAE4CD55DFB}.Debug|Win32.ActiveCfg = Debug|Win32
		{71DF6AE7-3AA5-4B9E-8FB9-3AAE4CD55DFB}.Debug|Win32.Build.0 = Debug|Win32
		{71DF6AE7-3AA5-4B9E-8FB9-3AAE4CD55DFB}.Profile|Win32.ActiveCfg = Profile|Win32
		{71DF6AE7-3AA5-4B9E-8FB9-3AAE4CD55DFB}.Profile|Win32.Build.0 = Profile|Win32
		{71DF6AE7-3AA5-4B9E-8FB9-3AAE4CD55DFB}.Release|Win32.ActiveCfg = Release|Win32
		{71DF6AE7-3AA5-4B9E-8FB9-3AAE4CD55DFB}.Release|Win32.Build.0 = Release|Win32
		{8675CF52-4023-4CE8-AB4F-2BB7343C3D2C}.Debug|Win32.ActiveCfg = Debug|Win32
		{8675CF52-4023-4CE8-AB4F-2BB7343C3D2C}.Debug|Win32.Build.0 = Debug|Win32
		{8675CF52-4023-4CE8-AB4F-2BB7343C3D2C}.Profile|Win32.ActiveCfg = Profile|Win32
		{8675CF52-4023-4CE8-AB4F-2BB7343C3D2C}.Profile|Win32.Build.0 = Profile|Win32
		{8675CF52-4023-4CE8-AB4F-2BB7343C3D2C}.Release|Win32.ActiveCfg = Release|Win32
		{8675CF52-4023-4CE8-AB4F-2BB7343C3D2C}.Release|Win32.Build.0 = Release|Win32
		{EC682A74-BCA1-445A-A5F5-F80098B03F57}.Debug|Win32.ActiveCfg = Debug|Win32
		{EC682A74-BCA1-445A-A5F5-F80098B03F57}.Debug|Win32.Build.0 = Debug|Win32
		{EC682A74-BCA1-445A-A5F5-F80098B03F57}.Profile|Win32.ActiveCfg = Profile|Win32
		{EC682A74-BCA1-445A-A5F5-F80098B03F57}.Profile|Win32.Build.0 = Profile|Win32
		{EC682A74-BCA1-445A-A5F5-F80098B03F57}.Release|Win32.ActiveCfg = Release|Win32
		{EC682A74-BCA1-445A-A5F5-F80098B03F57}.Release|Win32.Build.0 = Release|Win32
		{32421905-B1E4-4EBA-92CA-A1133782D316}.Debug|Win32.ActiveCfg = Debug|Win32
		{32421905-B1E4-4EBA-92CA-A1133782D316}.Debug|Win32.Build.0 = Debug|Win32
		{32421905-B1E4-4EBA-92CA-A1133782D316}.Profile|Win32.ActiveCfg = Profile|Win32
		{32421905-B1E4-4EBA-92CA-A1133782D316}.Profile|Win32.Build.0 = Profile|Win32
		{32421905-B1E4-4EBA-92CA-A1133782D316}.Release|Win32.ActiveCfg = Release|Win32
		{32421905-B1E4-4EBA-92CA-A1133782D316}.Release|Win32.Build.0 = Release|Win32
		{B590F0F2-72F1-4CDA-BB4C-FDC937EE887E}.Debug|Win32.ActiveCfg = Debug|Win32
		{B590F0F2-72F1-4CDA-BB4C-FDC937EE887E}.Debug|Win32.Build.0 = Debug|Win32
		{B590F0F2-72F1-4CDA-BB4C-FDC937EE887E}.Profile|Win32.ActiveCfg = Profile|Win32
		{B590F0F2-72F1-4CDA-BB4C-FDC937EE887E}.Profile|Win32.Build.0 = Profile|Win32
		{B590F0F2-72F1-4CDA-BB4C-FDC937EE887E}.Release|Win32.ActiveCfg = Release|Win32
		{B590F0F2-72F1-4CDA-BB4C-FDC937EE887E}.Release|Win32.Build.0 = Release|Win32
		{5BFD4ED7-8958-4D6C-9EF8-5B81FD765D1D}.Debug|Win32.ActiveCfg = Debug|Win32
		{5BFD4ED7-8958-4D6C-9EF8-5B81FD765D1D}.Debug|Win32.Build.0 = Debug|Win32
		{5BFD4ED7-8958-4D6C-9EF8-5B81FD765D1D}.Profile|Win32.ActiveCfg = Profile|Win32
		{5BFD4ED7-8958-4D6C-9EF8-5B81FD765D1D}.Profile|Win32.Build.0 = Profile|Win32
		{5BFD4ED7-8958-4D6C-9EF8-5B81FD765D1D}.Release|Win32.ActiveCfg = Release|Win32
		{5BFD4ED7-8958-4D6C-9EF8-5B81FD765D1D}.Release|Win32.Build.0 = Release|Win32
		{B5A76881-AB3B-4470-BF10-FC1CB1B39826}.Debug|Win32.ActiveCfg = Debug|Win32
		{B5A76881-AB3B-4470-BF10-FC1CB1B39826}.Debug|Win32.Build.0 = Debug|Win32
		{B5A76881-AB3B-4470-BF10-FC1CB1B39826}.Profile|Win32.ActiveCfg = Profile|Win32
		{B5A76881-AB3B-4470-BF10-FC1CB1B39826}.Profile|Win32.Build.0 = Profile|Win32
		{B5A76881-AB3B-4470-BF10-FC1CB1B39826}.Release|Win32.ActiveCfg = Release|Win32
		{B5A76881-AB3B-4470-BF10-FC1CB1B39826}.Release|Win32.Build.0 = Release|Win32
		{C1E849CE-3D74-4A36-86DC-234E7552425B}.Debug|Win32.ActiveCfg = Debug|Win32
		{C1E849CE-3D74-4A36-86DC-234E7552425B}.Debug|Win32.Build.0 = Debug|Win32
		{C1E849CE-3D74-4A36-86DC-234E7552425B}.Profile|Win32.ActiveCfg = Profile|Win32
		{C1E849CE-3D74-4A36-86DC-234E7552425B}.Profile|Win32.Build.0 = Profile|Win32
		{C1E849CE-3D74-4A36-86DC-234E7552425B}.Release|Win32.ActiveCfg = Release|Win32
		{C1E849CE-3D74-4A36-86DC-234E7552425B}.Release|Win32.Build.0 = Release|Win32
		{73744231-E072-4468-BDFD-305D98181B21}.Debug|Win32.ActiveCfg = Debug|Win32
		{73744231-E072-4468-BDFD-305D98181B21}.Debug|Win32.Build.0 = Debug|Win32
		{73744231-E072-4468-BDFD-305D98181B21}.Profile|Win32.ActiveCfg = Profile|Win32
		{73744231-E072-4468-BDFD-305D98181B21}.Profile|Win32.Build.0 = Profile|Win32
		{73744231-E072-4468-BDFD-305D98181B21}.Release|Win32.ActiveCfg = Release|Win32
		{73744231-E072-4468-BDFD-305D98181B21}.Release|Win32.Build.0 = Release|Win32
		{AEB4E1A3-AC48-4E14-A08A-0FFC415106EA}.Debug|Win32.ActiveCfg = Debug|Win32
		{AEB4E1A3-AC48-4E14-A08A-0FFC415106EA}.Debug|Win32.Build.0 = Debug|Win32
		{AEB4E1A3-AC48-4E14-A08A-0FFC415106EA}.Profile|Win32.ActiveCfg = Profile|Win32
		{AEB4E1A3-AC48-4E14-A08A-0FFC415106EA}.Profile|Win32.Build.0 = Profile|Win32
		{AEB4E1A3-AC48-4E14-A08A-0FFC415106EA}.Release|Win32.ActiveCfg = Release|Win32
		{AEB4E1A3-AC48-4E14-A08A-0FFC415106EA}.Release|Win32.Build.0 = Release|Win32
	EndGlobalSection
	GlobalSection(SolutionProperties) = preSolution
		HideSolutionNode = FALSE
	EndGlobalSection
EndGlobal
