<?xml version="1.0" encoding="utf-8"?>
<Project ToolsVersion="4.0" xmlns="http://schemas.microsoft.com/developer/msbuild/2003">
  <ItemGroup>
    <Filter Include="DirectX">
      <UniqueIdentifier>{145b542b-af00-4c8d-9ada-9994c7ee9f02}</UniqueIdentifier>
    </Filter>
    <Filter Include="Type">
      <UniqueIdentifier>{22b34284-ef03-4fc1-bb1c-2ca9caeb9595}</UniqueIdentifier>
    </Filter>
  </ItemGroup>
  <ItemGroup>
    <ClInclude Include="..\..\include\future\graphics\directx\dxshader.h">
      <Filter>DirectX</Filter>
    </ClInclude>
    <ClInclude Include="..\..\include\future\graphics\directx\dxtexture.h">
      <Filter>DirectX</Filter>
    </ClInclude>
    <ClInclude Include="..\..\include\future\graphics\directx\dxbuffers.h">
      <Filter>DirectX</Filter>
    </ClInclude>
    <ClInclude Include="..\..\include\future\graphics\type\buffers.h">
      <Filter>Type</Filter>
    </ClInclude>
    <ClInclude Include="..\..\include\future\graphics\type\settings.h">
      <Filter>Type</Filter>
    </ClInclude>
    <ClInclude Include="..\..\include\future\graphics\type\shader.h">
      <Filter>Type</Filter>
    </ClInclude>
    <ClInclude Include="..\..\include\future\graphics\type\texture.h">
      <Filter>Type</Filter>
    </ClInclude>
    <ClInclude Include="..\..\include\future\graphics\type\type.h">
      <Filter>Type</Filter>
    </ClInclude>
    <ClInclude Include="..\..\include\future\graphics\directx\dxtype.h">
      <Filter>DirectX</Filter>
    </ClInclude>
    <ClInclude Include="..\..\include\future\graphics\image.h" />
    <ClInclude Include="..\..\include\future\graphics\system.h" />
    <ClInclude Include="..\..\include\future\graphics\directx\dxdevice.h">
      <Filter>DirectX</Filter>
    </ClInclude>
    <ClInclude Include="..\..\include\future\graphics\type\device.h">
      <Filter>Type</Filter>
    </ClInclude>
  </ItemGroup>
  <ItemGroup>
    <ClCompile Include="..\..\src\graphics\directx\dxbuffers.cpp">
      <Filter>DirectX</Filter>
    </ClCompile>
    <ClCompile Include="..\..\src\graphics\directx\dxshader.cpp">
      <Filter>DirectX</Filter>
    </ClCompile>
    <ClCompile Include="..\..\src\graphics\directx\dxtexture.cpp">
      <Filter>DirectX</Filter>
    </ClCompile>
    <ClCompile Include="..\..\src\graphics\directx\dxdevice.cpp">
      <Filter>DirectX</Filter>
    </ClCompile>
  </ItemGroup>
</Project>