<?xml version="1.0" encoding="utf-8"?>
<Project ToolsVersion="4.0" xmlns="http://schemas.microsoft.com/developer/msbuild/2003">
  <ItemGroup>
    <Filter Include="Systems">
      <UniqueIdentifier>{8a2cdc8d-8c87-4ecf-8a3a-fb7f964ac221}</UniqueIdentifier>
    </Filter>
    <Filter Include="Systems\Platforms">
      <UniqueIdentifier>{c0826932-aa7d-4a91-8207-c972d2bcbf3b}</UniqueIdentifier>
    </Filter>
  </ItemGroup>
  <ItemGroup>
    <ClInclude Include="..\..\include\future\game\system\system.h">
      <Filter>Systems</Filter>
    </ClInclude>
  </ItemGroup>
  <ItemGroup>
    <ClCompile Include="..\..\src\game\system\system.cpp">
      <Filter>Systems</Filter>
    </ClCompile>
    <ClCompile Include="..\..\src\game\system\platform\system_win32.cpp">
      <Filter>Systems\Platforms</Filter>
    </ClCompile>
  </ItemGroup>
</Project>